
Microsoft Visual Studio Solution File, Format Version 12.00
# Visual Studio Version 16
VisualStudioVersion = 16.0.29424.173
MinimumVisualStudioVersion = 10.0.40219.1
Project("{9A19103F-16F7-4668-BE54-9A1E7A4F7556}") = "FanfictionMultisearch", "FanfictionMultisearch\FanfictionMultisearch.csproj", "{830D2F38-A65B-4506-A9D2-7899A24B1410}"
EndProject
Project("{FAE04EC0-301F-11D3-BF4B-00C04F79EFBC}") = "FanfictionMultisearchTests", "FanfictionMultisearchTests\FanfictionMultisearchTests.csproj", "{8B972992-7CC5-4647-AD48-2E5A870B4593}"
EndProject
Global
	GlobalSection(SolutionConfigurationPlatforms) = preSolution
		Debug|Any CPU = Debug|Any CPU
		Release|Any CPU = Release|Any CPU
	EndGlobalSection
	GlobalSection(ProjectConfigurationPlatforms) = postSolution
		{830D2F38-A65B-4506-A9D2-7899A24B1410}.Debug|Any CPU.ActiveCfg = Debug|Any CPU
		{830D2F38-A65B-4506-A9D2-7899A24B1410}.Debug|Any CPU.Build.0 = Debug|Any CPU
		{830D2F38-A65B-4506-A9D2-7899A24B1410}.Release|Any CPU.ActiveCfg = Release|Any CPU
		{830D2F38-A65B-4506-A9D2-7899A24B1410}.Release|Any CPU.Build.0 = Release|Any CPU
		{8B972992-7CC5-4647-AD48-2E5A870B4593}.Debug|Any CPU.ActiveCfg = Debug|Any CPU
		{8B972992-7CC5-4647-AD48-2E5A870B4593}.Debug|Any CPU.Build.0 = Debug|Any CPU
		{8B972992-7CC5-4647-AD48-2E5A870B4593}.Release|Any CPU.ActiveCfg = Release|Any CPU
		{8B972992-7CC5-4647-AD48-2E5A870B4593}.Release|Any CPU.Build.0 = Release|Any CPU
	EndGlobalSection
	GlobalSection(SolutionProperties) = preSolution
		HideSolutionNode = FALSE
	EndGlobalSection
	GlobalSection(ExtensibilityGlobals) = postSolution
		SolutionGuid = {8FABE1E8-CB35-4CF9-9C27-69206232CD0B}
	EndGlobalSection
EndGlobal
